
Microsoft Visual Studio Solution File, Format Version 12.00
# Visual Studio Version 16
VisualStudioVersion = 25.0.1704.2
MinimumVisualStudioVersion = 10.0.40219.1
Project("{FAE04EC0-301F-11D3-BF4B-00C04F79EFBC}") = "csharp_tests", "csharp_tests.csproj", "{FD56B134-22CA-4046-AAB9-D8B14EE6A1BD}"
EndProject
Project("{FAE04EC0-301F-11D3-BF4B-00C04F79EFBC}") = "blabla", "..\blabla\blabla.csproj", "{3C3DB68A-0E97-4DB4-B841-696A6FCDA320}"
EndProject
Global
	GlobalSection(SolutionConfigurationPlatforms) = preSolution
		Debug|Any CPU = Debug|Any CPU
		Release|Any CPU = Release|Any CPU
	EndGlobalSection
	GlobalSection(ProjectConfigurationPlatforms) = postSolution
		{FD56B134-22CA-4046-AAB9-D8B14EE6A1BD}.Debug|Any CPU.ActiveCfg = Debug|Any CPU
		{FD56B134-22CA-4046-AAB9-D8B14EE6A1BD}.Debug|Any CPU.Build.0 = Debug|Any CPU
		{FD56B134-22CA-4046-AAB9-D8B14EE6A1BD}.Release|Any CPU.ActiveCfg = Release|Any CPU
		{FD56B134-22CA-4046-AAB9-D8B14EE6A1BD}.Release|Any CPU.Build.0 = Release|Any CPU
		{3C3DB68A-0E97-4DB4-B841-696A6FCDA320}.Debug|Any CPU.ActiveCfg = Debug|Any CPU
		{3C3DB68A-0E97-4DB4-B841-696A6FCDA320}.Debug|Any CPU.Build.0 = Debug|Any CPU
		{3C3DB68A-0E97-4DB4-B841-696A6FCDA320}.Release|Any CPU.ActiveCfg = Release|Any CPU
		{3C3DB68A-0E97-4DB4-B841-696A6FCDA320}.Release|Any CPU.Build.0 = Release|Any CPU
	EndGlobalSection
	GlobalSection(SolutionProperties) = preSolution
		HideSolutionNode = FALSE
	EndGlobalSection
	GlobalSection(ExtensibilityGlobals) = postSolution
		SolutionGuid = {99B0D306-4539-4EED-82A8-84D95D377EA4}
	EndGlobalSection
EndGlobal
